
Microsoft Visual Studio Solution File, Format Version 12.00
# Visual Studio 15
VisualStudioVersion = 15.0.28010.2016
MinimumVisualStudioVersion = 10.0.40219.1
Project("{8BC9CEB8-8B4A-11D0-8D11-00A0C91BC942}") = "Interactive-map", "Interactive-map\Interactive-map.vcxproj", "{BFD19C90-7B0D-425D-AAAB-A8976D25EBCB}"
EndProject
Project("{8BC9CEB8-8B4A-11D0-8D11-00A0C91BC942}") = "Interactive-mapTests", "Interactive-mapTests\Interactive-mapTests.vcxproj", "{6BD41B36-373D-4402-9DBA-608F76681D49}"
EndProject
Global
	GlobalSection(SolutionConfigurationPlatforms) = preSolution
		Debug|x64 = Debug|x64
		Debug|x86 = Debug|x86
		Release|x64 = Release|x64
		Release|x86 = Release|x86
	EndGlobalSection
	GlobalSection(ProjectConfigurationPlatforms) = postSolution
		{BFD19C90-7B0D-425D-AAAB-A8976D25EBCB}.Debug|x64.ActiveCfg = Debug|x64
		{BFD19C90-7B0D-425D-AAAB-A8976D25EBCB}.Debug|x64.Build.0 = Debug|x64
		{BFD19C90-7B0D-425D-AAAB-A8976D25EBCB}.Debug|x86.ActiveCfg = Debug|Win32
		{BFD19C90-7B0D-425D-AAAB-A8976D25EBCB}.Debug|x86.Build.0 = Debug|Win32
		{BFD19C90-7B0D-425D-AAAB-A8976D25EBCB}.Release|x64.ActiveCfg = Release|x64
		{BFD19C90-7B0D-425D-AAAB-A8976D25EBCB}.Release|x64.Build.0 = Release|x64
		{BFD19C90-7B0D-425D-AAAB-A8976D25EBCB}.Release|x86.ActiveCfg = Release|Win32
		{BFD19C90-7B0D-425D-AAAB-A8976D25EBCB}.Release|x86.Build.0 = Release|Win32
		{6BD41B36-373D-4402-9DBA-608F76681D49}.Debug|x64.ActiveCfg = Debug|x64
		{6BD41B36-373D-4402-9DBA-608F76681D49}.Debug|x64.Build.0 = Debug|x64
		{6BD41B36-373D-4402-9DBA-608F76681D49}.Debug|x86.ActiveCfg = Debug|Win32
		{6BD41B36-373D-4402-9DBA-608F76681D49}.Debug|x86.Build.0 = Debug|Win32
		{6BD41B36-373D-4402-9DBA-608F76681D49}.Release|x64.ActiveCfg = Release|x64
		{6BD41B36-373D-4402-9DBA-608F76681D49}.Release|x64.Build.0 = Release|x64
		{6BD41B36-373D-4402-9DBA-608F76681D49}.Release|x86.ActiveCfg = Release|Win32
		{6BD41B36-373D-4402-9DBA-608F76681D49}.Release|x86.Build.0 = Release|Win32
	EndGlobalSection
	GlobalSection(SolutionProperties) = preSolution
		HideSolutionNode = FALSE
	EndGlobalSection
	GlobalSection(ExtensibilityGlobals) = postSolution
		SolutionGuid = {507C5B5C-DF39-4A57-8083-1783324FDCF1}
	EndGlobalSection
EndGlobal
